
Microsoft Visual Studio Solution File, Format Version 12.00
# Visual Studio Version 16
VisualStudioVersion = 16.0.29519.181
MinimumVisualStudioVersion = 10.0.40219.1
Project("{FAE04EC0-301F-11D3-BF4B-00C04F79EFBC}") = "ProductListing.Entities", "ProductListing.Entities\ProductListing.Entities.csproj", "{694F5881-291C-4ED1-9C32-5116DE6B4682}"
EndProject
Project("{FAE04EC0-301F-11D3-BF4B-00C04F79EFBC}") = "ProductListing.Business", "ProductListing.Business\ProductListing.Business.csproj", "{0E79EC6A-3D68-4F3F-85A4-254CBC308827}"
EndProject
Project("{FAE04EC0-301F-11D3-BF4B-00C04F79EFBC}") = "ProductListing.DataAccess", "ProductListing.DataAccess\ProductListing.DataAccess.csproj", "{0C2E9D6D-3B51-41E0-89DD-B3CA401D86E0}"
EndProject
Project("{FAE04EC0-301F-11D3-BF4B-00C04F79EFBC}") = "ProductListing.WinFormsUI", "ProductListing.WinFormsUI\ProductListing.WinFormsUI.csproj", "{197DEE31-D491-493B-B3A7-01371D96D48F}"
EndProject
Project("{FAE04EC0-301F-11D3-BF4B-00C04F79EFBC}") = "ProductListing.ConsoleTest", "ProductListing.ConsoleTest\ProductListing.ConsoleTest.csproj", "{811A69DE-E9DF-4ED2-9C4E-2DF427EDCEE5}"
EndProject
Global
	GlobalSection(SolutionConfigurationPlatforms) = preSolution
		Debug|Any CPU = Debug|Any CPU
		Release|Any CPU = Release|Any CPU
	EndGlobalSection
	GlobalSection(ProjectConfigurationPlatforms) = postSolution
		{694F5881-291C-4ED1-9C32-5116DE6B4682}.Debug|Any CPU.ActiveCfg = Debug|Any CPU
		{694F5881-291C-4ED1-9C32-5116DE6B4682}.Debug|Any CPU.Build.0 = Debug|Any CPU
		{694F5881-291C-4ED1-9C32-5116DE6B4682}.Release|Any CPU.ActiveCfg = Release|Any CPU
		{694F5881-291C-4ED1-9C32-5116DE6B4682}.Release|Any CPU.Build.0 = Release|Any CPU
		{0E79EC6A-3D68-4F3F-85A4-254CBC308827}.Debug|Any CPU.ActiveCfg = Debug|Any CPU
		{0E79EC6A-3D68-4F3F-85A4-254CBC308827}.Debug|Any CPU.Build.0 = Debug|Any CPU
		{0E79EC6A-3D68-4F3F-85A4-254CBC308827}.Release|Any CPU.ActiveCfg = Release|Any CPU
		{0E79EC6A-3D68-4F3F-85A4-254CBC308827}.Release|Any CPU.Build.0 = Release|Any CPU
		{0C2E9D6D-3B51-41E0-89DD-B3CA401D86E0}.Debug|Any CPU.ActiveCfg = Debug|Any CPU
		{0C2E9D6D-3B51-41E0-89DD-B3CA401D86E0}.Debug|Any CPU.Build.0 = Debug|Any CPU
		{0C2E9D6D-3B51-41E0-89DD-B3CA401D86E0}.Release|Any CPU.ActiveCfg = Release|Any CPU
		{0C2E9D6D-3B51-41E0-89DD-B3CA401D86E0}.Release|Any CPU.Build.0 = Release|Any CPU
		{197DEE31-D491-493B-B3A7-01371D96D48F}.Debug|Any CPU.ActiveCfg = Debug|Any CPU
		{197DEE31-D491-493B-B3A7-01371D96D48F}.Debug|Any CPU.Build.0 = Debug|Any CPU
		{197DEE31-D491-493B-B3A7-01371D96D48F}.Release|Any CPU.ActiveCfg = Release|Any CPU
		{197DEE31-D491-493B-B3A7-01371D96D48F}.Release|Any CPU.Build.0 = Release|Any CPU
		{811A69DE-E9DF-4ED2-9C4E-2DF427EDCEE5}.Debug|Any CPU.ActiveCfg = Debug|Any CPU
		{811A69DE-E9DF-4ED2-9C4E-2DF427EDCEE5}.Debug|Any CPU.Build.0 = Debug|Any CPU
		{811A69DE-E9DF-4ED2-9C4E-2DF427EDCEE5}.Release|Any CPU.ActiveCfg = Release|Any CPU
		{811A69DE-E9DF-4ED2-9C4E-2DF427EDCEE5}.Release|Any CPU.Build.0 = Release|Any CPU
	EndGlobalSection
	GlobalSection(SolutionProperties) = preSolution
		HideSolutionNode = FALSE
	EndGlobalSection
	GlobalSection(ExtensibilityGlobals) = postSolution
		SolutionGuid = {656E7F3E-4B67-437C-BE5E-08ED189674F6}
	EndGlobalSection
EndGlobal
